
Microsoft Visual Studio Solution File, Format Version 12.00
# Visual Studio Version 17
VisualStudioVersion = 17.10.34902.84
MinimumVisualStudioVersion = 10.0.40219.1
Project("{FAE04EC0-301F-11D3-BF4B-00C04F79EFBC}") = "RvmSharp", "RvmSharp.csproj", "{049C4445-F9B7-401F-88EF-2EB341ADF7DA}"
EndProject
Global
	GlobalSection(SolutionConfigurationPlatforms) = preSolution
		Debug|Any CPU = Debug|Any CPU
		Release|Any CPU = Release|Any CPU
	EndGlobalSection
	GlobalSection(ProjectConfigurationPlatforms) = postSolution
		{049C4445-F9B7-401F-88EF-2EB341ADF7DA}.Debug|Any CPU.ActiveCfg = Debug|Any CPU
		{049C4445-F9B7-401F-88EF-2EB341ADF7DA}.Debug|Any CPU.Build.0 = Debug|Any CPU
		{049C4445-F9B7-401F-88EF-2EB341ADF7DA}.Release|Any CPU.ActiveCfg = Release|Any CPU
		{049C4445-F9B7-401F-88EF-2EB341ADF7DA}.Release|Any CPU.Build.0 = Release|Any CPU
	EndGlobalSection
	GlobalSection(SolutionProperties) = preSolution
		HideSolutionNode = FALSE
	EndGlobalSection
	GlobalSection(ExtensibilityGlobals) = postSolution
		SolutionGuid = {473FE538-9558-429C-AC28-17361D08B452}
	EndGlobalSection
EndGlobal
